{
  "requires": true,
  "lockfileVersion": 1,
  "dependencies": {
    "@angular/animations": {
      "version": "5.1.1",
      "resolved": "https://registry.npmjs.org/@angular/animations/-/animations-5.1.1.tgz",
      "integrity": "sha512-PHLBWDnAzr5b5l52pk5ZYmv/6m0YUe2ICwu5dmbS0d8Kf5dXadMphAWCDbljMF+djGyZeFq2/dQ/t7ygYl3YuA==",
      "requires": {
        "tslib": "1.8.1"
      }
    },
    "tslib": {
      "version": "1.8.1",
      "resolved": "https://registry.npmjs.org/tslib/-/tslib-1.8.1.tgz",
      "integrity": "sha1-aUavLR1lGnsYY7Ux1uWvpBqkTqw="
    }
  }
}
